// !$*UTF8*$!
{
	archiveVersion = 1;
	classes = {
	};
	objectVersion = 56;
	objects = {

/* Begin PBXBuildFile section */
		934B41A42BEC573B00C83B55 /* AppDelegate.swift in Sources */ = {isa = PBXBuildFile; fileRef = 934B41A32BEC573B00C83B55 /* AppDelegate.swift */; };
		934B41A62BEC573B00C83B55 /* SceneDelegate.swift in Sources */ = {isa = PBXBuildFile; fileRef = 934B41A52BEC573B00C83B55 /* SceneDelegate.swift */; };
		934B41AD2BEC573B00C83B55 /* Assets.xcassets in Resources */ = {isa = PBXBuildFile; fileRef = 934B41AC2BEC573B00C83B55 /* Assets.xcassets */; };
		934B41B02BEC573B00C83B55 /* Base in Resources */ = {isa = PBXBuildFile; fileRef = 934B41AF2BEC573B00C83B55 /* Base */; };
		934B41B92BEC59D400C83B55 /* View.swift in Sources */ = {isa = PBXBuildFile; fileRef = 934B41B82BEC59D400C83B55 /* View.swift */; };
		934B41BB2BEC59DB00C83B55 /* Interactor.swift in Sources */ = {isa = PBXBuildFile; fileRef = 934B41BA2BEC59DB00C83B55 /* Interactor.swift */; };
		934B41BD2BEC59DE00C83B55 /* Presenter.swift in Sources */ = {isa = PBXBuildFile; fileRef = 934B41BC2BEC59DE00C83B55 /* Presenter.swift */; };
		934B41BF2BEC59E500C83B55 /* Router.swift in Sources */ = {isa = PBXBuildFile; fileRef = 934B41BE2BEC59E500C83B55 /* Router.swift */; };
		934B41C12BEC59EC00C83B55 /* Entity.swift in Sources */ = {isa = PBXBuildFile; fileRef = 934B41C02BEC59EC00C83B55 /* Entity.swift */; };
/* End PBXBuildFile section */

/* Begin PBXFileReference section */
		934B41A02BEC573B00C83B55 /* MyViperNotification.app */ = {isa = PBXFileReference; explicitFileType = wrapper.application; includeInIndex = 0; path = MyViperNotification.app; sourceTree = BUILT_PRODUCTS_DIR; };
		934B41A32BEC573B00C83B55 /* AppDelegate.swift */ = {isa = PBXFileReference; lastKnownFileType = sourcecode.swift; path = AppDelegate.swift; sourceTree = "<group>"; };
		934B41A52BEC573B00C83B55 /* SceneDelegate.swift */ = {isa = PBXFileReference; lastKnownFileType = sourcecode.swift; path = SceneDelegate.swift; sourceTree = "<group>"; };
		934B41AC2BEC573B00C83B55 /* Assets.xcassets */ = {isa = PBXFileReference; lastKnownFileType = folder.assetcatalog; path = Assets.xcassets; sourceTree = "<group>"; };
		934B41AF2BEC573B00C83B55 /* Base */ = {isa = PBXFileReference; lastKnownFileType = file.storyboard; name = Base; path = Base.lproj/LaunchScreen.storyboard; sourceTree = "<group>"; };
		934B41B12BEC573B00C83B55 /* Info.plist */ = {isa = PBXFileReference; lastKnownFileType = text.plist.xml; path = Info.plist; sourceTree = "<group>"; };
		934B41B82BEC59D400C83B55 /* View.swift */ = {isa = PBXFileReference; lastKnownFileType = sourcecode.swift; path = View.swift; sourceTree = "<group>"; };
		934B41BA2BEC59DB00C83B55 /* Interactor.swift */ = {isa = PBXFileReference; lastKnownFileType = sourcecode.swift; path = Interactor.swift; sourceTree = "<group>"; };
		934B41BC2BEC59DE00C83B55 /* Presenter.swift */ = {isa = PBXFileReference; lastKnownFileType = sourcecode.swift; path = Presenter.swift; sourceTree = "<group>"; };
		934B41BE2BEC59E500C83B55 /* Router.swift */ = {isa = PBXFileReference; lastKnownFileType = sourcecode.swift; path = Router.swift; sourceTree = "<group>"; };
		934B41C02BEC59EC00C83B55 /* Entity.swift */ = {isa = PBXFileReference; lastKnownFileType = sourcecode.swift; path = Entity.swift; sourceTree = "<group>"; };
/* End PBXFileReference section */

/* Begin PBXFrameworksBuildPhase section */
		934B419D2BEC573B00C83B55 /* Frameworks */ = {
			isa = PBXFrameworksBuildPhase;
			buildActionMask = 2147483647;
			files = (
			);
			runOnlyForDeploymentPostprocessing = 0;
		};
/* End PBXFrameworksBuildPhase section */

/* Begin PBXGroup section */
		934B41972BEC573B00C83B55 = {
			isa = PBXGroup;
			children = (
				934B41A22BEC573B00C83B55 /* MyViperNotification */,
				934B41A12BEC573B00C83B55 /* Products */,
			);
			sourceTree = "<group>";
		};
		934B41A12BEC573B00C83B55 /* Products */ = {
			isa = PBXGroup;
			children = (
				934B41A02BEC573B00C83B55 /* MyViperNotification.app */,
			);
			name = Products;
			sourceTree = "<group>";
		};
		934B41A22BEC573B00C83B55 /* MyViperNotification */ = {
			isa = PBXGroup;
			children = (
				934B41B72BEC59BE00C83B55 /* VIPER */,
				934B41A32BEC573B00C83B55 /* AppDelegate.swift */,
				934B41A52BEC573B00C83B55 /* SceneDelegate.swift */,
				934B41AC2BEC573B00C83B55 /* Assets.xcassets */,
				934B41AE2BEC573B00C83B55 /* LaunchScreen.storyboard */,
				934B41B12BEC573B00C83B55 /* Info.plist */,
			);
			path = MyViperNotification;
			sourceTree = "<group>";
		};
		934B41B72BEC59BE00C83B55 /* VIPER */ = {
			isa = PBXGroup;
			children = (
				934B41B82BEC59D400C83B55 /* View.swift */,
				934B41BA2BEC59DB00C83B55 /* Interactor.swift */,
				934B41BC2BEC59DE00C83B55 /* Presenter.swift */,
				934B41C02BEC59EC00C83B55 /* Entity.swift */,
				934B41BE2BEC59E500C83B55 /* Router.swift */,
			);
			path = VIPER;
			sourceTree = "<group>";
		};
/* End PBXGroup section */

/* Begin PBXNativeTarget section */
		934B419F2BEC573B00C83B55 /* MyViperNotification */ = {
			isa = PBXNativeTarget;
			buildConfigurationList = 934B41B42BEC573B00C83B55 /* Build configuration list for PBXNativeTarget "MyViperNotification" */;
			buildPhases = (
				934B419C2BEC573B00C83B55 /* Sources */,
				934B419D2BEC573B00C83B55 /* Frameworks */,
				934B419E2BEC573B00C83B55 /* Resources */,
			);
			buildRules = (
			);
			dependencies = (
			);
			name = MyViperNotification;
			productName = MyViperNotification;
			productReference = 934B41A02BEC573B00C83B55 /* MyViperNotification.app */;
			productType = "com.apple.product-type.application";
		};
/* End PBXNativeTarget section */

/* Begin PBXProject section */
		934B41982BEC573B00C83B55 /* Project object */ = {
			isa = PBXProject;
			attributes = {
				BuildIndependentTargetsInParallel = 1;
				LastSwiftUpdateCheck = 1530;
				LastUpgradeCheck = 1530;
				TargetAttributes = {
					934B419F2BEC573B00C83B55 = {
						CreatedOnToolsVersion = 15.3;
					};
				};
			};
			buildConfigurationList = 934B419B2BEC573B00C83B55 /* Build configuration list for PBXProject "MyViperNotification" */;
			compatibilityVersion = "Xcode 14.0";
			developmentRegion = en;
			hasScannedForEncodings = 0;
			knownRegions = (
				en,
				Base,
			);
			mainGroup = 934B41972BEC573B00C83B55;
			productRefGroup = 934B41A12BEC573B00C83B55 /* Products */;
			projectDirPath = "";
			projectRoot = "";
			targets = (
				934B419F2BEC573B00C83B55 /* MyViperNotification */,
			);
		};
/* End PBXProject section */

/* Begin PBXResourcesBuildPhase section */
		934B419E2BEC573B00C83B55 /* Resources */ = {
			isa = PBXResourcesBuildPhase;
			buildActionMask = 2147483647;
			files = (
				934B41AD2BEC573B00C83B55 /* Assets.xcassets in Resources */,
				934B41B02BEC573B00C83B55 /* Base in Resources */,
			);
			runOnlyForDeploymentPostprocessing = 0;
		};
/* End PBXResourcesBuildPhase section */

/* Begin PBXSourcesBuildPhase section */
		934B419C2BEC573B00C83B55 /* Sources */ = {
			isa = PBXSourcesBuildPhase;
			buildActionMask = 2147483647;
			files = (
				934B41BD2BEC59DE00C83B55 /* Presenter.swift in Sources */,
				934B41B92BEC59D400C83B55 /* View.swift in Sources */,
				934B41BF2BEC59E500C83B55 /* Router.swift in Sources */,
				934B41C12BEC59EC00C83B55 /* Entity.swift in Sources */,
				934B41BB2BEC59DB00C83B55 /* Interactor.swift in Sources */,
				934B41A42BEC573B00C83B55 /* AppDelegate.swift in Sources */,
				934B41A62BEC573B00C83B55 /* SceneDelegate.swift in Sources */,
			);
			runOnlyForDeploymentPostprocessing = 0;
		};
/* End PBXSourcesBuildPhase section */

/* Begin PBXVariantGroup section */
		934B41AE2BEC573B00C83B55 /* LaunchScreen.storyboard */ = {
			isa = PBXVariantGroup;
			children = (
				934B41AF2BEC573B00C83B55 /* Base */,
			);
			name = LaunchScreen.storyboard;
			sourceTree = "<group>";
		};
/* End PBXVariantGroup section */

/* Begin XCBuildConfiguration section */
		934B41B22BEC573B00C83B55 /* Debug */ = {
			isa = XCBuildConfiguration;
			buildSettings = {
				ALWAYS_SEARCH_USER_PATHS = NO;
				ASSETCATALOG_COMPILER_GENERATE_SWIFT_ASSET_SYMBOL_EXTENSIONS = YES;
				CLANG_ANALYZER_NONNULL = YES;
				CLANG_ANALYZER_NUMBER_OBJECT_CONVERSION = YES_AGGRESSIVE;
				CLANG_CXX_LANGUAGE_STANDARD = "gnu++20";
				CLANG_ENABLE_MODULES = YES;
				CLANG_ENABLE_OBJC_ARC = YES;
				CLANG_ENABLE_OBJC_WEAK = YES;
				CLANG_WARN_BLOCK_CAPTURE_AUTORELEASING = YES;
				CLANG_WARN_BOOL_CONVERSION = YES;
				CLANG_WARN_COMMA = YES;
				CLANG_WARN_CONSTANT_CONVERSION = YES;
				CLANG_WARN_DEPRECATED_OBJC_IMPLEMENTATIONS = YES;
				CLANG_WARN_DIRECT_OBJC_ISA_USAGE = YES_ERROR;
				CLANG_WARN_DOCUMENTATION_COMMENTS = YES;
				CLANG_WARN_EMPTY_BODY = YES;
				CLANG_WARN_ENUM_CONVERSION = YES;
				CLANG_WARN_INFINITE_RECURSION = YES;
				CLANG_WARN_INT_CONVERSION = YES;
				CLANG_WARN_NON_LITERAL_NULL_CONVERSION = YES;
				CLANG_WARN_OBJC_IMPLICIT_RETAIN_SELF = YES;
				CLANG_WARN_OBJC_LITERAL_CONVERSION = YES;
				CLANG_WARN_OBJC_ROOT_CLASS = YES_ERROR;
				CLANG_WARN_QUOTED_INCLUDE_IN_FRAMEWORK_HEADER = YES;
				CLANG_WARN_RANGE_LOOP_ANALYSIS = YES;
				CLANG_WARN_STRICT_PROTOTYPES = YES;
				CLANG_WARN_SUSPICIOUS_MOVE = YES;
				CLANG_WARN_UNGUARDED_AVAILABILITY = YES_AGGRESSIVE;
				CLANG_WARN_UNREACHABLE_CODE = YES;
				CLANG_WARN__DUPLICATE_METHOD_MATCH = YES;
				COPY_PHASE_STRIP = NO;
				DEBUG_INFORMATION_FORMAT = dwarf;
				ENABLE_STRICT_OBJC_MSGSEND = YES;
				ENABLE_TESTABILITY = YES;
				ENABLE_USER_SCRIPT_SANDBOXING = YES;
				GCC_C_LANGUAGE_STANDARD = gnu17;
				GCC_DYNAMIC_NO_PIC = NO;
				GCC_NO_COMMON_BLOCKS = YES;
				GCC_OPTIMIZATION_LEVEL = 0;
				GCC_PREPROCESSOR_DEFINITIONS = (
					"DEBUG=1",
					"$(inherited)",
				);
				GCC_WARN_64_TO_32_BIT_CONVERSION = YES;
				GCC_WARN_ABOUT_RETURN_TYPE = YES_ERROR;
				GCC_WARN_UNDECLARED_SELECTOR = YES;
				GCC_WARN_UNINITIALIZED_AUTOS = YES_AGGRESSIVE;
				GCC_WARN_UNUSED_FUNCTION = YES;
				GCC_WARN_UNUSED_VARIABLE = YES;
				IPHONEOS_DEPLOYMENT_TARGET = 17.4;
				LOCALIZATION_PREFERS_STRING_CATALOGS = YES;
				MTL_ENABLE_DEBUG_INFO = INCLUDE_SOURCE;
				MTL_FAST_MATH = YES;
				ONLY_ACTIVE_ARCH = YES;
				SDKROOT = iphoneos;
				SWIFT_ACTIVE_COMPILATION_CONDITIONS = "DEBUG $(inherited)";
				SWIFT_OPTIMIZATION_LEVEL = "-Onone";
			};
			name = Debug;
		};
		934B41B32BEC573B00C83B55 /* Release */ = {
			isa = XCBuildConfiguration;
			buildSettings = {
				ALWAYS_SEARCH_USER_PATHS = NO;
				ASSETCATALOG_COMPILER_GENERATE_SWIFT_ASSET_SYMBOL_EXTENSIONS = YES;
				CLANG_ANALYZER_NONNULL = YES;
				CLANG_ANALYZER_NUMBER_OBJECT_CONVERSION = YES_AGGRESSIVE;
				CLANG_CXX_LANGUAGE_STANDARD = "gnu++20";
				CLANG_ENABLE_MODULES = YES;
				CLANG_ENABLE_OBJC_ARC = YES;
				CLANG_ENABLE_OBJC_WEAK = YES;
				CLANG_WARN_BLOCK_CAPTURE_AUTORELEASING = YES;
				CLANG_WARN_BOOL_CONVERSION = YES;
				CLANG_WARN_COMMA = YES;
				CLANG_WARN_CONSTANT_CONVERSION = YES;
				CLANG_WARN_DEPRECATED_OBJC_IMPLEMENTATIONS = YES;
				CLANG_WARN_DIRECT_OBJC_ISA_USAGE = YES_ERROR;
				CLANG_WARN_DOCUMENTATION_COMMENTS = YES;
				CLANG_WARN_EMPTY_BODY = YES;
				CLANG_WARN_ENUM_CONVERSION = YES;
				CLANG_WARN_INFINITE_RECURSION = YES;
				CLANG_WARN_INT_CONVERSION = YES;
				CLANG_WARN_NON_LITERAL_NULL_CONVERSION = YES;
				CLANG_WARN_OBJC_IMPLICIT_RETAIN_SELF = YES;
				CLANG_WARN_OBJC_LITERAL_CONVERSION = YES;
				CLANG_WARN_OBJC_ROOT_CLASS = YES_ERROR;
				CLANG_WARN_QUOTED_INCLUDE_IN_FRAMEWORK_HEADER = YES;
				CLANG_WARN_RANGE_LOOP_ANALYSIS = YES;
				CLANG_WARN_STRICT_PROTOTYPES = YES;
				CLANG_WARN_SUSPICIOUS_MOVE = YES;
				CLANG_WARN_UNGUARDED_AVAILABILITY = YES_AGGRESSIVE;
				CLANG_WARN_UNREACHABLE_CODE = YES;
				CLANG_WARN__DUPLICATE_METHOD_MATCH = YES;
				COPY_PHASE_STRIP = NO;
				DEBUG_INFORMATION_FORMAT = "dwarf-with-dsym";
				ENABLE_NS_ASSERTIONS = NO;
				ENABLE_STRICT_OBJC_MSGSEND = YES;
				ENABLE_USER_SCRIPT_SANDBOXING = YES;
				GCC_C_LANGUAGE_STANDARD = gnu17;
				GCC_NO_COMMON_BLOCKS = YES;
				GCC_WARN_64_TO_32_BIT_CONVERSION = YES;
				GCC_WARN_ABOUT_RETURN_TYPE = YES_ERROR;
				GCC_WARN_UNDECLARED_SELECTOR = YES;
				GCC_WARN_UNINITIALIZED_AUTOS = YES_AGGRESSIVE;
				GCC_WARN_UNUSED_FUNCTION = YES;
				GCC_WARN_UNUSED_VARIABLE = YES;
				IPHONEOS_DEPLOYMENT_TARGET = 17.4;
				LOCALIZATION_PREFERS_STRING_CATALOGS = YES;
				MTL_ENABLE_DEBUG_INFO = NO;
				MTL_FAST_MATH = YES;
				SDKROOT = iphoneos;
				SWIFT_COMPILATION_MODE = wholemodule;
				VALIDATE_PRODUCT = YES;
			};
			name = Release;
		};
		934B41B52BEC573B00C83B55 /* Debug */ = {
			isa = XCBuildConfiguration;
			buildSettings = {
				ASSETCATALOG_COMPILER_APPICON_NAME = AppIcon;
				ASSETCATALOG_COMPILER_GLOBAL_ACCENT_COLOR_NAME = AccentColor;
				CODE_SIGN_STYLE = Automatic;
				CURRENT_PROJECT_VERSION = 1;
				DEVELOPMENT_TEAM = 79E68ZK73C;
				GENERATE_INFOPLIST_FILE = YES;
				INFOPLIST_FILE = MyViperNotification/Info.plist;
				INFOPLIST_KEY_UIApplicationSupportsIndirectInputEvents = YES;
				INFOPLIST_KEY_UILaunchStoryboardName = LaunchScreen;
				INFOPLIST_KEY_UISupportedInterfaceOrientations_iPad = "UIInterfaceOrientationPortrait UIInterfaceOrientationPortraitUpsideDown UIInterfaceOrientationLandscapeLeft UIInterfaceOrientationLandscapeRight";
				INFOPLIST_KEY_UISupportedInterfaceOrientations_iPhone = "UIInterfaceOrientationPortrait UIInterfaceOrientationLandscapeLeft UIInterfaceOrientationLandscapeRight";
				LD_RUNPATH_SEARCH_PATHS = (
					"$(inherited)",
					"@executable_path/Frameworks",
				);
				MARKETING_VERSION = 1.0;
				PRODUCT_BUNDLE_IDENTIFIER = tw.com.geovision.MyViperNotification;
				PRODUCT_NAME = "$(TARGET_NAME)";
				SWIFT_EMIT_LOC_STRINGS = YES;
				SWIFT_VERSION = 5.0;
				TARGETED_DEVICE_FAMILY = "1,2";
			};
			name = Debug;
		};
		934B41B62BEC573B00C83B55 /* Release */ = {
			isa = XCBuildConfiguration;
			buildSettings = {
				ASSETCATALOG_COMPILER_APPICON_NAME = AppIcon;
				ASSETCATALOG_COMPILER_GLOBAL_ACCENT_COLOR_NAME = AccentColor;
				CODE_SIGN_STYLE = Automatic;
				CURRENT_PROJECT_VERSION = 1;
				DEVELOPMENT_TEAM = 79E68ZK73C;
				GENERATE_INFOPLIST_FILE = YES;
				INFOPLIST_FILE = MyViperNotification/Info.plist;
				INFOPLIST_KEY_UIApplicationSupportsIndirectInputEvents = YES;
				INFOPLIST_KEY_UILaunchStoryboardName = LaunchScreen;
				INFOPLIST_KEY_UISupportedInterfaceOrientations_iPad = "UIInterfaceOrientationPortrait UIInterfaceOrientationPortraitUpsideDown UIInterfaceOrientationLandscapeLeft UIInterfaceOrientationLandscapeRight";
				INFOPLIST_KEY_UISupportedInterfaceOrientations_iPhone = "UIInterfaceOrientationPortrait UIInterfaceOrientationLandscapeLeft UIInterfaceOrientationLandscapeRight";
				LD_RUNPATH_SEARCH_PATHS = (
					"$(inherited)",
					"@executable_path/Frameworks",
				);
				MARKETING_VERSION = 1.0;
				PRODUCT_BUNDLE_IDENTIFIER = tw.com.geovision.MyViperNotification;
				PRODUCT_NAME = "$(TARGET_NAME)";
				SWIFT_EMIT_LOC_STRINGS = YES;
				SWIFT_VERSION = 5.0;
				TARGETED_DEVICE_FAMILY = "1,2";
			};
			name = Release;
		};
/* End XCBuildConfiguration section */

/* Begin XCConfigurationList section */
		934B419B2BEC573B00C83B55 /* Build configuration list for PBXProject "MyViperNotification" */ = {
			isa = XCConfigurationList;
			buildConfigurations = (
				934B41B22BEC573B00C83B55 /* Debug */,
				934B41B32BEC573B00C83B55 /* Release */,
			);
			defaultConfigurationIsVisible = 0;
			defaultConfigurationName = Release;
		};
		934B41B42BEC573B00C83B55 /* Build configuration list for PBXNativeTarget "MyViperNotification" */ = {
			isa = XCConfigurationList;
			buildConfigurations = (
				934B41B52BEC573B00C83B55 /* Debug */,
				934B41B62BEC573B00C83B55 /* Release */,
			);
			defaultConfigurationIsVisible = 0;
			defaultConfigurationName = Release;
		};
/* End XCConfigurationList section */
	};
	rootObject = 934B41982BEC573B00C83B55 /* Project object */;
}
